
Microsoft Visual Studio Solution File, Format Version 12.00
# Visual Studio Version 17
VisualStudioVersion = 17.0.31612.314
MinimumVisualStudioVersion = 10.0.40219.1
Project("{8BC9CEB8-8B4A-11D0-8D11-00A0C91BC942}") = "SOL KNIGHT minimal", "SOL KNIGHT minimal\SOL KNIGHT minimal.vcxproj", "{8C97868B-CDF3-4B15-B682-417DB4F2B50B}"
EndProject
Global
	GlobalSection(SolutionConfigurationPlatforms) = preSolution
		Debug|x64 = Debug|x64
		Debug|x86 = Debug|x86
		Release|x64 = Release|x64
		Release|x86 = Release|x86
	EndGlobalSection
	GlobalSection(ProjectConfigurationPlatforms) = postSolution
		{8C97868B-CDF3-4B15-B682-417DB4F2B50B}.Debug|x64.ActiveCfg = Debug|x64
		{8C97868B-CDF3-4B15-B682-417DB4F2B50B}.Debug|x64.Build.0 = Debug|x64
		{8C97868B-CDF3-4B15-B682-417DB4F2B50B}.Debug|x86.ActiveCfg = Debug|Win32
		{8C97868B-CDF3-4B15-B682-417DB4F2B50B}.Debug|x86.Build.0 = Debug|Win32
		{8C97868B-CDF3-4B15-B682-417DB4F2B50B}.Release|x64.ActiveCfg = Release|x64
		{8C97868B-CDF3-4B15-B682-417DB4F2B50B}.Release|x64.Build.0 = Release|x64
		{8C97868B-CDF3-4B15-B682-417DB4F2B50B}.Release|x86.ActiveCfg = Release|Win32
		{8C97868B-CDF3-4B15-B682-417DB4F2B50B}.Release|x86.Build.0 = Release|Win32
	EndGlobalSection
	GlobalSection(SolutionProperties) = preSolution
		HideSolutionNode = FALSE
	EndGlobalSection
	GlobalSection(ExtensibilityGlobals) = postSolution
		SolutionGuid = {1A598FCF-7462-4C83-8DF2-A6BF0A46F098}
	EndGlobalSection
EndGlobal
